
Microsoft Visual Studio Solution File, Format Version 12.00
# Visual Studio Version 17
VisualStudioVersion = 17.8.34408.163
MinimumVisualStudioVersion = 10.0.40219.1
Project("{FAE04EC0-301F-11D3-BF4B-00C04F79EFBC}") = "ProductShopping.Api", "ProductShopping.Api\ProductShopping.Api.csproj", "{E429C087-4421-48F9-8135-B1DD5CDC3136}"
EndProject
Global
	GlobalSection(SolutionConfigurationPlatforms) = preSolution
		Debug|Any CPU = Debug|Any CPU
		Release|Any CPU = Release|Any CPU
	EndGlobalSection
	GlobalSection(ProjectConfigurationPlatforms) = postSolution
		{E429C087-4421-48F9-8135-B1DD5CDC3136}.Debug|Any CPU.ActiveCfg = Debug|Any CPU
		{E429C087-4421-48F9-8135-B1DD5CDC3136}.Debug|Any CPU.Build.0 = Debug|Any CPU
		{E429C087-4421-48F9-8135-B1DD5CDC3136}.Release|Any CPU.ActiveCfg = Release|Any CPU
		{E429C087-4421-48F9-8135-B1DD5CDC3136}.Release|Any CPU.Build.0 = Release|Any CPU
	EndGlobalSection
	GlobalSection(SolutionProperties) = preSolution
		HideSolutionNode = FALSE
	EndGlobalSection
	GlobalSection(ExtensibilityGlobals) = postSolution
		SolutionGuid = {47039777-FC2E-46DD-AD0C-F547F4FA092B}
	EndGlobalSection
EndGlobal
